
Microsoft Visual Studio Solution File, Format Version 12.00
# Visual Studio Version 16
VisualStudioVersion = 16.0.32630.194
MinimumVisualStudioVersion = 10.0.40219.1
Project("{FAE04EC0-301F-11D3-BF4B-00C04F79EFBC}") = "SubhashTripathi_Demo", "SubhashTripathi_Demo.csproj", "{91584220-3EA3-46A2-A935-AFE2413F0666}"
EndProject
Global
	GlobalSection(SolutionConfigurationPlatforms) = preSolution
		Debug|Any CPU = Debug|Any CPU
		Release|Any CPU = Release|Any CPU
	EndGlobalSection
	GlobalSection(ProjectConfigurationPlatforms) = postSolution
		{91584220-3EA3-46A2-A935-AFE2413F0666}.Debug|Any CPU.ActiveCfg = Debug|Any CPU
		{91584220-3EA3-46A2-A935-AFE2413F0666}.Debug|Any CPU.Build.0 = Debug|Any CPU
		{91584220-3EA3-46A2-A935-AFE2413F0666}.Release|Any CPU.ActiveCfg = Release|Any CPU
		{91584220-3EA3-46A2-A935-AFE2413F0666}.Release|Any CPU.Build.0 = Release|Any CPU
	EndGlobalSection
	GlobalSection(SolutionProperties) = preSolution
		HideSolutionNode = FALSE
	EndGlobalSection
	GlobalSection(ExtensibilityGlobals) = postSolution
		SolutionGuid = {1B6CBE5B-AF6C-4615-A0CF-672C32A17655}
	EndGlobalSection
EndGlobal
